
Microsoft Visual Studio Solution File, Format Version 12.00
# Visual Studio Version 16
VisualStudioVersion = 16.0.30114.105
MinimumVisualStudioVersion = 10.0.40219.1
Project("{FAE04EC0-301F-11D3-BF4B-00C04F79EFBC}") = "ConsoleAppForTest", "ConsoleAppForTest\ConsoleAppForTest.csproj", "{CA9FD6F9-B676-4C8E-B790-501642B2893F}"
EndProject
Global
	GlobalSection(SolutionConfigurationPlatforms) = preSolution
		Debug|Any CPU = Debug|Any CPU
		Release|Any CPU = Release|Any CPU
	EndGlobalSection
	GlobalSection(ProjectConfigurationPlatforms) = postSolution
		{CA9FD6F9-B676-4C8E-B790-501642B2893F}.Debug|Any CPU.ActiveCfg = Debug|Any CPU
		{CA9FD6F9-B676-4C8E-B790-501642B2893F}.Debug|Any CPU.Build.0 = Debug|Any CPU
		{CA9FD6F9-B676-4C8E-B790-501642B2893F}.Release|Any CPU.ActiveCfg = Release|Any CPU
		{CA9FD6F9-B676-4C8E-B790-501642B2893F}.Release|Any CPU.Build.0 = Release|Any CPU
	EndGlobalSection
	GlobalSection(SolutionProperties) = preSolution
		HideSolutionNode = FALSE
	EndGlobalSection
	GlobalSection(ExtensibilityGlobals) = postSolution
		SolutionGuid = {0F2F7465-AB4A-49C2-9A90-0A7F025E253C}
	EndGlobalSection
EndGlobal
